
Microsoft Visual Studio Solution File, Format Version 12.00
# Visual Studio Version 16
VisualStudioVersion = 16.0.32413.511
MinimumVisualStudioVersion = 10.0.40219.1
Project("{00D1A9C2-B5F0-4AF3-8072-F6C62B433612}") = "DWH", "DWH\DWH.sqlproj", "{566CF5D6-8604-4DF8-ABE3-FE3229414BCB}"
EndProject
Global
	GlobalSection(SolutionConfigurationPlatforms) = preSolution
		Debug|Any CPU = Debug|Any CPU
		Release|Any CPU = Release|Any CPU
	EndGlobalSection
	GlobalSection(ProjectConfigurationPlatforms) = postSolution
		{566CF5D6-8604-4DF8-ABE3-FE3229414BCB}.Debug|Any CPU.ActiveCfg = Debug|Any CPU
		{566CF5D6-8604-4DF8-ABE3-FE3229414BCB}.Debug|Any CPU.Build.0 = Debug|Any CPU
		{566CF5D6-8604-4DF8-ABE3-FE3229414BCB}.Debug|Any CPU.Deploy.0 = Debug|Any CPU
		{566CF5D6-8604-4DF8-ABE3-FE3229414BCB}.Release|Any CPU.ActiveCfg = Release|Any CPU
		{566CF5D6-8604-4DF8-ABE3-FE3229414BCB}.Release|Any CPU.Build.0 = Release|Any CPU
		{566CF5D6-8604-4DF8-ABE3-FE3229414BCB}.Release|Any CPU.Deploy.0 = Release|Any CPU
	EndGlobalSection
	GlobalSection(SolutionProperties) = preSolution
		HideSolutionNode = FALSE
	EndGlobalSection
	GlobalSection(ExtensibilityGlobals) = postSolution
		SolutionGuid = {A6AB8897-5338-46D0-970D-279F781FEE5A}
	EndGlobalSection
EndGlobal
